
Microsoft Visual Studio Solution File, Format Version 12.00
# Visual Studio Version 17
VisualStudioVersion = 17.6.33815.320
MinimumVisualStudioVersion = 10.0.40219.1
Project("{FAE04EC0-301F-11D3-BF4B-00C04F79EFBC}") = "MagicVilla_VillaAPI2", "MagicVilla_VillaAPI2\MagicVilla_VillaAPI2.csproj", "{8D7A4DA9-4015-4CAD-BA0E-03E0EA4C58A3}"
EndProject
Global
	GlobalSection(SolutionConfigurationPlatforms) = preSolution
		Debug|Any CPU = Debug|Any CPU
		Release|Any CPU = Release|Any CPU
	EndGlobalSection
	GlobalSection(ProjectConfigurationPlatforms) = postSolution
		{8D7A4DA9-4015-4CAD-BA0E-03E0EA4C58A3}.Debug|Any CPU.ActiveCfg = Debug|Any CPU
		{8D7A4DA9-4015-4CAD-BA0E-03E0EA4C58A3}.Debug|Any CPU.Build.0 = Debug|Any CPU
		{8D7A4DA9-4015-4CAD-BA0E-03E0EA4C58A3}.Release|Any CPU.ActiveCfg = Release|Any CPU
		{8D7A4DA9-4015-4CAD-BA0E-03E0EA4C58A3}.Release|Any CPU.Build.0 = Release|Any CPU
	EndGlobalSection
	GlobalSection(SolutionProperties) = preSolution
		HideSolutionNode = FALSE
	EndGlobalSection
	GlobalSection(ExtensibilityGlobals) = postSolution
		SolutionGuid = {87D85344-A587-45D8-8306-CCF3072FC700}
	EndGlobalSection
EndGlobal
